{
  "originHash" : "27215b5e8f2b6f9b32b774b9edda0af38bd2fb97524fe64ef17b037a6a015f24",
  "pins" : [
    {
      "identity" : "geometrylite3d",
      "kind" : "remoteSourceControl",
      "location" : "https://github.com/schwa/GeometryLite3D",
      "state" : {
        "branch" : "main",
        "revision" : "59e3663e6a6668a5b25cb7bfb5da54dfad1ed8ab"
      }
    },
    {
      "identity" : "swift-syntax",
      "kind" : "remoteSourceControl",
      "location" : "https://github.com/swiftlang/swift-syntax.git",
      "state" : {
        "revision" : "0687f71944021d616d34d922343dcef086855920",
        "version" : "600.0.1"
      }
    }
  ],
  "version" : 3
}
